
Microsoft Visual Studio Solution File, Format Version 12.00
# Visual Studio Version 17
VisualStudioVersion = 17.4.33205.214
MinimumVisualStudioVersion = 10.0.40219.1
Project("{FAE04EC0-301F-11D3-BF4B-00C04F79EFBC}") = "Homework_P_2_task_1", "Homework_P_2_task_1.csproj", "{D35E4BFB-2B50-46B6-94D5-16A0428C1E70}"
EndProject
Global
	GlobalSection(SolutionConfigurationPlatforms) = preSolution
		Debug|Any CPU = Debug|Any CPU
		Release|Any CPU = Release|Any CPU
	EndGlobalSection
	GlobalSection(ProjectConfigurationPlatforms) = postSolution
		{D35E4BFB-2B50-46B6-94D5-16A0428C1E70}.Debug|Any CPU.ActiveCfg = Debug|Any CPU
		{D35E4BFB-2B50-46B6-94D5-16A0428C1E70}.Debug|Any CPU.Build.0 = Debug|Any CPU
		{D35E4BFB-2B50-46B6-94D5-16A0428C1E70}.Release|Any CPU.ActiveCfg = Release|Any CPU
		{D35E4BFB-2B50-46B6-94D5-16A0428C1E70}.Release|Any CPU.Build.0 = Release|Any CPU
	EndGlobalSection
	GlobalSection(SolutionProperties) = preSolution
		HideSolutionNode = FALSE
	EndGlobalSection
	GlobalSection(ExtensibilityGlobals) = postSolution
		SolutionGuid = {AFB1C5ED-58D4-4C8C-9495-E55F3C9EDAD2}
	EndGlobalSection
EndGlobal
