
Microsoft Visual Studio Solution File, Format Version 12.00
# Visual Studio Version 17
VisualStudioVersion = 17.4.33205.214
MinimumVisualStudioVersion = 10.0.40219.1
Project("{FAE04EC0-301F-11D3-BF4B-00C04F79EFBC}") = "Homework_P_2_task_1", "Homework_P_2_task_1.csproj", "{DB37F94B-EF3B-4B5B-9393-5D921590DC64}"
EndProject
Project("{FAE04EC0-301F-11D3-BF4B-00C04F79EFBC}") = "Homework_P_2_task_2", "..\Homework_P_2_task_2\Homework_P_2_task_2.csproj", "{565496F1-75AA-4BA4-9D7E-51624F103DCD}"
EndProject
Project("{FAE04EC0-301F-11D3-BF4B-00C04F79EFBC}") = "Homework_P_2_task_4", "..\Homework_P_2_task_4\Homework_P_2_task_4.csproj", "{E9322E9E-9170-496E-8861-2B11C3A1F547}"
EndProject
Project("{FAE04EC0-301F-11D3-BF4B-00C04F79EFBC}") = "Homework_P_2_task_3", "..\Homework_P_2_task_3\Homework_P_2_task_3.csproj", "{4A53B468-E96E-42ED-8C9B-D10EFFA4F55E}"
EndProject
Global
	GlobalSection(SolutionConfigurationPlatforms) = preSolution
		Debug|Any CPU = Debug|Any CPU
		Release|Any CPU = Release|Any CPU
	EndGlobalSection
	GlobalSection(ProjectConfigurationPlatforms) = postSolution
		{DB37F94B-EF3B-4B5B-9393-5D921590DC64}.Debug|Any CPU.ActiveCfg = Debug|Any CPU
		{DB37F94B-EF3B-4B5B-9393-5D921590DC64}.Debug|Any CPU.Build.0 = Debug|Any CPU
		{DB37F94B-EF3B-4B5B-9393-5D921590DC64}.Release|Any CPU.ActiveCfg = Release|Any CPU
		{DB37F94B-EF3B-4B5B-9393-5D921590DC64}.Release|Any CPU.Build.0 = Release|Any CPU
		{565496F1-75AA-4BA4-9D7E-51624F103DCD}.Debug|Any CPU.ActiveCfg = Debug|Any CPU
		{565496F1-75AA-4BA4-9D7E-51624F103DCD}.Debug|Any CPU.Build.0 = Debug|Any CPU
		{565496F1-75AA-4BA4-9D7E-51624F103DCD}.Release|Any CPU.ActiveCfg = Release|Any CPU
		{565496F1-75AA-4BA4-9D7E-51624F103DCD}.Release|Any CPU.Build.0 = Release|Any CPU
		{E9322E9E-9170-496E-8861-2B11C3A1F547}.Debug|Any CPU.ActiveCfg = Debug|Any CPU
		{E9322E9E-9170-496E-8861-2B11C3A1F547}.Debug|Any CPU.Build.0 = Debug|Any CPU
		{E9322E9E-9170-496E-8861-2B11C3A1F547}.Release|Any CPU.ActiveCfg = Release|Any CPU
		{E9322E9E-9170-496E-8861-2B11C3A1F547}.Release|Any CPU.Build.0 = Release|Any CPU
		{4A53B468-E96E-42ED-8C9B-D10EFFA4F55E}.Debug|Any CPU.ActiveCfg = Debug|Any CPU
		{4A53B468-E96E-42ED-8C9B-D10EFFA4F55E}.Debug|Any CPU.Build.0 = Debug|Any CPU
		{4A53B468-E96E-42ED-8C9B-D10EFFA4F55E}.Release|Any CPU.ActiveCfg = Release|Any CPU
		{4A53B468-E96E-42ED-8C9B-D10EFFA4F55E}.Release|Any CPU.Build.0 = Release|Any CPU
	EndGlobalSection
	GlobalSection(SolutionProperties) = preSolution
		HideSolutionNode = FALSE
	EndGlobalSection
	GlobalSection(ExtensibilityGlobals) = postSolution
		SolutionGuid = {0D9BD9D6-A8CC-48AD-9083-F1DC960B7504}
	EndGlobalSection
EndGlobal
