
Microsoft Visual Studio Solution File, Format Version 12.00
# Visual Studio Version 17
VisualStudioVersion = 17.4.33205.214
MinimumVisualStudioVersion = 10.0.40219.1
Project("{9A19103F-16F7-4668-BE54-9A1E7A4F7556}") = "Homework_P_4_task_1", "Homework_P_4_task_1.csproj", "{4A40CC76-5787-4A78-8F84-AD0F84395390}"
EndProject
Project("{9A19103F-16F7-4668-BE54-9A1E7A4F7556}") = "Homework_P_4_task_4", "..\Homework_P_4_task_4\Homework_P_4_task_4.csproj", "{CC5AF023-4408-4CF6-9215-642A7A7D06D8}"
EndProject
Project("{FAE04EC0-301F-11D3-BF4B-00C04F79EFBC}") = "Homework_P_4_task_3", "..\Homework_P_4_task_3\Homework_P_4_task_3.csproj", "{6FB81CDE-099C-441B-8138-C15EFA6A6AA6}"
EndProject
Global
	GlobalSection(SolutionConfigurationPlatforms) = preSolution
		Debug|Any CPU = Debug|Any CPU
		Release|Any CPU = Release|Any CPU
	EndGlobalSection
	GlobalSection(ProjectConfigurationPlatforms) = postSolution
		{4A40CC76-5787-4A78-8F84-AD0F84395390}.Debug|Any CPU.ActiveCfg = Debug|Any CPU
		{4A40CC76-5787-4A78-8F84-AD0F84395390}.Debug|Any CPU.Build.0 = Debug|Any CPU
		{4A40CC76-5787-4A78-8F84-AD0F84395390}.Release|Any CPU.ActiveCfg = Release|Any CPU
		{4A40CC76-5787-4A78-8F84-AD0F84395390}.Release|Any CPU.Build.0 = Release|Any CPU
		{CC5AF023-4408-4CF6-9215-642A7A7D06D8}.Debug|Any CPU.ActiveCfg = Debug|Any CPU
		{CC5AF023-4408-4CF6-9215-642A7A7D06D8}.Debug|Any CPU.Build.0 = Debug|Any CPU
		{CC5AF023-4408-4CF6-9215-642A7A7D06D8}.Release|Any CPU.ActiveCfg = Release|Any CPU
		{CC5AF023-4408-4CF6-9215-642A7A7D06D8}.Release|Any CPU.Build.0 = Release|Any CPU
		{6FB81CDE-099C-441B-8138-C15EFA6A6AA6}.Debug|Any CPU.ActiveCfg = Debug|Any CPU
		{6FB81CDE-099C-441B-8138-C15EFA6A6AA6}.Debug|Any CPU.Build.0 = Debug|Any CPU
		{6FB81CDE-099C-441B-8138-C15EFA6A6AA6}.Release|Any CPU.ActiveCfg = Release|Any CPU
		{6FB81CDE-099C-441B-8138-C15EFA6A6AA6}.Release|Any CPU.Build.0 = Release|Any CPU
	EndGlobalSection
	GlobalSection(SolutionProperties) = preSolution
		HideSolutionNode = FALSE
	EndGlobalSection
	GlobalSection(ExtensibilityGlobals) = postSolution
		SolutionGuid = {44035F36-E1F2-4860-AC55-B03041F99947}
	EndGlobalSection
EndGlobal
