
Microsoft Visual Studio Solution File, Format Version 12.00
# Visual Studio Version 17
VisualStudioVersion = 17.4.33205.214
MinimumVisualStudioVersion = 10.0.40219.1
Project("{9A19103F-16F7-4668-BE54-9A1E7A4F7556}") = "Homework_P_5_task_1", "Homework_P_5_task_1.csproj", "{2683278C-07E5-4634-B3C9-0E564F1AA541}"
EndProject
Project("{FAE04EC0-301F-11D3-BF4B-00C04F79EFBC}") = "Homework_P_5_task_2", "..\Homework_P_5_task_2\Homework_P_5_task_2.csproj", "{2395CB75-33AA-4B5F-905A-E6312FA65001}"
EndProject
Global
	GlobalSection(SolutionConfigurationPlatforms) = preSolution
		Debug|Any CPU = Debug|Any CPU
		Release|Any CPU = Release|Any CPU
	EndGlobalSection
	GlobalSection(ProjectConfigurationPlatforms) = postSolution
		{2683278C-07E5-4634-B3C9-0E564F1AA541}.Debug|Any CPU.ActiveCfg = Debug|Any CPU
		{2683278C-07E5-4634-B3C9-0E564F1AA541}.Debug|Any CPU.Build.0 = Debug|Any CPU
		{2683278C-07E5-4634-B3C9-0E564F1AA541}.Release|Any CPU.ActiveCfg = Release|Any CPU
		{2683278C-07E5-4634-B3C9-0E564F1AA541}.Release|Any CPU.Build.0 = Release|Any CPU
		{2395CB75-33AA-4B5F-905A-E6312FA65001}.Debug|Any CPU.ActiveCfg = Debug|Any CPU
		{2395CB75-33AA-4B5F-905A-E6312FA65001}.Debug|Any CPU.Build.0 = Debug|Any CPU
		{2395CB75-33AA-4B5F-905A-E6312FA65001}.Release|Any CPU.ActiveCfg = Release|Any CPU
		{2395CB75-33AA-4B5F-905A-E6312FA65001}.Release|Any CPU.Build.0 = Release|Any CPU
	EndGlobalSection
	GlobalSection(SolutionProperties) = preSolution
		HideSolutionNode = FALSE
	EndGlobalSection
	GlobalSection(ExtensibilityGlobals) = postSolution
		SolutionGuid = {24A6A5E9-BB9F-45B1-81B7-AFBB75255783}
	EndGlobalSection
EndGlobal
