
Microsoft Visual Studio Solution File, Format Version 12.00
# Visual Studio Version 17
VisualStudioVersion = 17.4.33205.214
MinimumVisualStudioVersion = 10.0.40219.1
Project("{FAE04EC0-301F-11D3-BF4B-00C04F79EFBC}") = "Homework_P_7_task_1", "Homework_P_7_task_1.csproj", "{F518C3F3-022F-4087-9F77-B3D6DBD7362B}"
EndProject
Project("{FAE04EC0-301F-11D3-BF4B-00C04F79EFBC}") = "Homework_P_7_task_2", "..\Homework_P_7_task_2\Homework_P_7_task_2.csproj", "{4120D227-7ED3-4305-B228-F632C6D9D9D1}"
EndProject
Global
	GlobalSection(SolutionConfigurationPlatforms) = preSolution
		Debug|Any CPU = Debug|Any CPU
		Release|Any CPU = Release|Any CPU
	EndGlobalSection
	GlobalSection(ProjectConfigurationPlatforms) = postSolution
		{F518C3F3-022F-4087-9F77-B3D6DBD7362B}.Debug|Any CPU.ActiveCfg = Debug|Any CPU
		{F518C3F3-022F-4087-9F77-B3D6DBD7362B}.Debug|Any CPU.Build.0 = Debug|Any CPU
		{F518C3F3-022F-4087-9F77-B3D6DBD7362B}.Release|Any CPU.ActiveCfg = Release|Any CPU
		{F518C3F3-022F-4087-9F77-B3D6DBD7362B}.Release|Any CPU.Build.0 = Release|Any CPU
		{4120D227-7ED3-4305-B228-F632C6D9D9D1}.Debug|Any CPU.ActiveCfg = Debug|Any CPU
		{4120D227-7ED3-4305-B228-F632C6D9D9D1}.Debug|Any CPU.Build.0 = Debug|Any CPU
		{4120D227-7ED3-4305-B228-F632C6D9D9D1}.Release|Any CPU.ActiveCfg = Release|Any CPU
		{4120D227-7ED3-4305-B228-F632C6D9D9D1}.Release|Any CPU.Build.0 = Release|Any CPU
	EndGlobalSection
	GlobalSection(SolutionProperties) = preSolution
		HideSolutionNode = FALSE
	EndGlobalSection
	GlobalSection(ExtensibilityGlobals) = postSolution
		SolutionGuid = {13BE674C-D71F-473D-8F4F-4B5BC92D5941}
	EndGlobalSection
EndGlobal
