
Microsoft Visual Studio Solution File, Format Version 12.00
# Visual Studio Version 17
VisualStudioVersion = 17.4.33205.214
MinimumVisualStudioVersion = 10.0.40219.1
Project("{9A19103F-16F7-4668-BE54-9A1E7A4F7556}") = "Homework_P_3_task_1", "Homework_P_3_task_1.csproj", "{8D8253C0-C033-4400-ABF1-BFCBD8A727C9}"
EndProject
Project("{9A19103F-16F7-4668-BE54-9A1E7A4F7556}") = "Homework_P_3_task_2", "..\Homework_P_3_task_2\Homework_P_3_task_2.csproj", "{5D933739-B014-4EFE-812A-8C2A80E5B25A}"
EndProject
Project("{9A19103F-16F7-4668-BE54-9A1E7A4F7556}") = "Homework_P_3_task_3", "..\Homework_P_3_task_3\Homework_P_3_task_3.csproj", "{6D0AA510-0302-4919-8296-7230A1B18FB2}"
EndProject
Project("{FAE04EC0-301F-11D3-BF4B-00C04F79EFBC}") = "Homework_P_3_task_4", "..\Homework_P_3_task_4\Homework_P_3_task_4.csproj", "{96C32F8D-5753-47B3-8FC1-5C1A359F67F3}"
EndProject
Global
	GlobalSection(SolutionConfigurationPlatforms) = preSolution
		Debug|Any CPU = Debug|Any CPU
		Release|Any CPU = Release|Any CPU
	EndGlobalSection
	GlobalSection(ProjectConfigurationPlatforms) = postSolution
		{8D8253C0-C033-4400-ABF1-BFCBD8A727C9}.Debug|Any CPU.ActiveCfg = Debug|Any CPU
		{8D8253C0-C033-4400-ABF1-BFCBD8A727C9}.Debug|Any CPU.Build.0 = Debug|Any CPU
		{8D8253C0-C033-4400-ABF1-BFCBD8A727C9}.Release|Any CPU.ActiveCfg = Release|Any CPU
		{8D8253C0-C033-4400-ABF1-BFCBD8A727C9}.Release|Any CPU.Build.0 = Release|Any CPU
		{5D933739-B014-4EFE-812A-8C2A80E5B25A}.Debug|Any CPU.ActiveCfg = Debug|Any CPU
		{5D933739-B014-4EFE-812A-8C2A80E5B25A}.Debug|Any CPU.Build.0 = Debug|Any CPU
		{5D933739-B014-4EFE-812A-8C2A80E5B25A}.Release|Any CPU.ActiveCfg = Release|Any CPU
		{5D933739-B014-4EFE-812A-8C2A80E5B25A}.Release|Any CPU.Build.0 = Release|Any CPU
		{6D0AA510-0302-4919-8296-7230A1B18FB2}.Debug|Any CPU.ActiveCfg = Debug|Any CPU
		{6D0AA510-0302-4919-8296-7230A1B18FB2}.Debug|Any CPU.Build.0 = Debug|Any CPU
		{6D0AA510-0302-4919-8296-7230A1B18FB2}.Release|Any CPU.ActiveCfg = Release|Any CPU
		{6D0AA510-0302-4919-8296-7230A1B18FB2}.Release|Any CPU.Build.0 = Release|Any CPU
		{96C32F8D-5753-47B3-8FC1-5C1A359F67F3}.Debug|Any CPU.ActiveCfg = Debug|Any CPU
		{96C32F8D-5753-47B3-8FC1-5C1A359F67F3}.Debug|Any CPU.Build.0 = Debug|Any CPU
		{96C32F8D-5753-47B3-8FC1-5C1A359F67F3}.Release|Any CPU.ActiveCfg = Release|Any CPU
		{96C32F8D-5753-47B3-8FC1-5C1A359F67F3}.Release|Any CPU.Build.0 = Release|Any CPU
	EndGlobalSection
	GlobalSection(SolutionProperties) = preSolution
		HideSolutionNode = FALSE
	EndGlobalSection
	GlobalSection(ExtensibilityGlobals) = postSolution
		SolutionGuid = {2186DC1F-172B-43DB-AA84-FF7FAFCD16CA}
	EndGlobalSection
EndGlobal
